{
  "requires": true,
  "lockfileVersion": 1,
  "dependencies": {
    "react-promise-tracker": {
      "version": "2.0.5",
      "resolved": "https://registry.npmjs.org/react-promise-tracker/-/react-promise-tracker-2.0.5.tgz",
      "integrity": "sha512-86k2vXybbBFMRpSCaQUCd4JVL7jXUhmqFer0X4zv6P8Bht4+xfqPOTU/brr5IzbbKQrNCr0EEJ8RuYTqH0sj8A=="
    }
  }
}
